
Microsoft Visual Studio Solution File, Format Version 12.00
# Visual Studio Version 17
VisualStudioVersion = 17.3.32819.101
MinimumVisualStudioVersion = 10.0.40219.1
Project("{FAE04EC0-301F-11D3-BF4B-00C04F79EFBC}") = "Wpf_Work_15", "Wpf_Work_15\Wpf_Work_15.csproj", "{C44F37A5-E437-49E5-90AC-60248FED93CC}"
EndProject
Global
	GlobalSection(SolutionConfigurationPlatforms) = preSolution
		Debug|Any CPU = Debug|Any CPU
		Release|Any CPU = Release|Any CPU
	EndGlobalSection
	GlobalSection(ProjectConfigurationPlatforms) = postSolution
		{C44F37A5-E437-49E5-90AC-60248FED93CC}.Debug|Any CPU.ActiveCfg = Debug|Any CPU
		{C44F37A5-E437-49E5-90AC-60248FED93CC}.Debug|Any CPU.Build.0 = Debug|Any CPU
		{C44F37A5-E437-49E5-90AC-60248FED93CC}.Release|Any CPU.ActiveCfg = Release|Any CPU
		{C44F37A5-E437-49E5-90AC-60248FED93CC}.Release|Any CPU.Build.0 = Release|Any CPU
	EndGlobalSection
	GlobalSection(SolutionProperties) = preSolution
		HideSolutionNode = FALSE
	EndGlobalSection
	GlobalSection(ExtensibilityGlobals) = postSolution
		SolutionGuid = {33EB85C6-E099-42F2-92B3-D3475C0D8140}
	EndGlobalSection
EndGlobal
